
Microsoft Visual Studio Solution File, Format Version 12.00
# Visual Studio Version 16
VisualStudioVersion = 16.0.29905.134
MinimumVisualStudioVersion = 10.0.40219.1
Project("{FAE04EC0-301F-11D3-BF4B-00C04F79EFBC}") = "rasdialsvc", "rasdialsvc.csproj", "{9AC1032D-2CEE-4780-B7C4-F6052C1B885B}"
EndProject
Global
	GlobalSection(SolutionConfigurationPlatforms) = preSolution
		Debug|Any CPU = Debug|Any CPU
		Release|Any CPU = Release|Any CPU
	EndGlobalSection
	GlobalSection(ProjectConfigurationPlatforms) = postSolution
		{9AC1032D-2CEE-4780-B7C4-F6052C1B885B}.Debug|Any CPU.ActiveCfg = Debug|Any CPU
		{9AC1032D-2CEE-4780-B7C4-F6052C1B885B}.Debug|Any CPU.Build.0 = Debug|Any CPU
		{9AC1032D-2CEE-4780-B7C4-F6052C1B885B}.Release|Any CPU.ActiveCfg = Release|Any CPU
		{9AC1032D-2CEE-4780-B7C4-F6052C1B885B}.Release|Any CPU.Build.0 = Release|Any CPU
	EndGlobalSection
	GlobalSection(SolutionProperties) = preSolution
		HideSolutionNode = FALSE
	EndGlobalSection
	GlobalSection(ExtensibilityGlobals) = postSolution
		SolutionGuid = {96C261F0-9E41-46F9-AB26-AB7CE09E272B}
	EndGlobalSection
EndGlobal
